// !$*UTF8*$!
{
	archiveVersion = 1;
	classes = {
	};
	objectVersion = 50;
	objects = {

/* Begin PBXBuildFile section */
		9D2F469F803543BE95DCABEB /* Pods_bloodAssitant.framework in Frameworks */ = {isa = PBXBuildFile; fileRef = F8BD2164183B2988DF66DC19 /* Pods_bloodAssitant.framework */; };
		BF4E144021B721E7004EE660 /* HttpHandler.swift in Sources */ = {isa = PBXBuildFile; fileRef = BF4E143F21B721E7004EE660 /* HttpHandler.swift */; };
		BF4E144221B72B89004EE660 /* SignUpViewController.swift in Sources */ = {isa = PBXBuildFile; fileRef = BF4E144121B72B89004EE660 /* SignUpViewController.swift */; };
		BF4E144421B72B9F004EE660 /* LogInViewController.swift in Sources */ = {isa = PBXBuildFile; fileRef = BF4E144321B72B9F004EE660 /* LogInViewController.swift */; };
		BF4E144C21B72C27004EE660 /* UserModel.swift in Sources */ = {isa = PBXBuildFile; fileRef = BF4E144B21B72C27004EE660 /* UserModel.swift */; };
		BF4E144E21B72D37004EE660 /* Constants.swift in Sources */ = {isa = PBXBuildFile; fileRef = BF4E144D21B72D37004EE660 /* Constants.swift */; };
		BF4E145021B73384004EE660 /* SharedValues.swift in Sources */ = {isa = PBXBuildFile; fileRef = BF4E144F21B73384004EE660 /* SharedValues.swift */; };
		BF4E145221B79742004EE660 /* VolunteerProfileViewController.swift in Sources */ = {isa = PBXBuildFile; fileRef = BF4E145121B79742004EE660 /* VolunteerProfileViewController.swift */; };
		BF4E145421B7D32B004EE660 /* SimpleTableViewCell.swift in Sources */ = {isa = PBXBuildFile; fileRef = BF4E145321B7D32B004EE660 /* SimpleTableViewCell.swift */; };
		BF4E145621B7DDC0004EE660 /* VolunteerAppointments.swift in Sources */ = {isa = PBXBuildFile; fileRef = BF4E145521B7DDC0004EE660 /* VolunteerAppointments.swift */; };
		BF79098221BDDD77009C9215 /* HospitalAppointments.swift in Sources */ = {isa = PBXBuildFile; fileRef = BF79098121BDDD77009C9215 /* HospitalAppointments.swift */; };
		BF81F69821BCDD720070B266 /* BloodRepositoryModel.swift in Sources */ = {isa = PBXBuildFile; fileRef = BF81F69721BCDD720070B266 /* BloodRepositoryModel.swift */; };
		BF81F69A21BCE9510070B266 /* UpdateRepoViewController.swift in Sources */ = {isa = PBXBuildFile; fileRef = BF81F69921BCE9510070B266 /* UpdateRepoViewController.swift */; };
		BF9D3BAE21B5DF4D006101A2 /* Doctor.storyboard in Resources */ = {isa = PBXBuildFile; fileRef = BF9D3BAD21B5DF4D006101A2 /* Doctor.storyboard */; };
		BF9D3BB921B5DFD2006101A2 /* HospitalAppointmentsViewController.swift in Sources */ = {isa = PBXBuildFile; fileRef = BF9D3BB121B5DFD1006101A2 /* HospitalAppointmentsViewController.swift */; };
		BF9D3BBA21B5DFD2006101A2 /* BloodRequestVewCell.swift in Sources */ = {isa = PBXBuildFile; fileRef = BF9D3BB221B5DFD1006101A2 /* BloodRequestVewCell.swift */; };
		BF9D3BBB21B5DFD2006101A2 /* HospitalProfileViewController.swift in Sources */ = {isa = PBXBuildFile; fileRef = BF9D3BB321B5DFD1006101A2 /* HospitalProfileViewController.swift */; };
		BF9D3BBC21B5DFD2006101A2 /* GeneralUtils.swift in Sources */ = {isa = PBXBuildFile; fileRef = BF9D3BB421B5DFD2006101A2 /* GeneralUtils.swift */; };
		BF9D3BBD21B5DFD2006101A2 /* RepositoryTableViewCell.swift in Sources */ = {isa = PBXBuildFile; fileRef = BF9D3BB521B5DFD2006101A2 /* RepositoryTableViewCell.swift */; };
		BF9D3BBE21B5DFD2006101A2 /* BorderedButton.swift in Sources */ = {isa = PBXBuildFile; fileRef = BF9D3BB621B5DFD2006101A2 /* BorderedButton.swift */; };
		BF9D3BBF21B5DFD2006101A2 /* HospitalAppointMentViewCell.swift in Sources */ = {isa = PBXBuildFile; fileRef = BF9D3BB721B5DFD2006101A2 /* HospitalAppointMentViewCell.swift */; };
		BF9D3BC021B5DFD2006101A2 /* HospitalDashboardController.swift in Sources */ = {isa = PBXBuildFile; fileRef = BF9D3BB821B5DFD2006101A2 /* HospitalDashboardController.swift */; };
		BF9D3BC221B5DFE1006101A2 /* VolunteerDshboardViewController.swift in Sources */ = {isa = PBXBuildFile; fileRef = BF9D3BC121B5DFE1006101A2 /* VolunteerDshboardViewController.swift */; };
		BF9D3BC821B5E4F3006101A2 /* LaunchScreen.storyboard in Resources */ = {isa = PBXBuildFile; fileRef = BF9D3BC721B5E4F3006101A2 /* LaunchScreen.storyboard */; };
		BF9D3BD521B60184006101A2 /* BlackButton.swift in Sources */ = {isa = PBXBuildFile; fileRef = BF9D3BD421B60184006101A2 /* BlackButton.swift */; };
		BF9D3BD721B6068F006101A2 /* BorderedTextField.swift in Sources */ = {isa = PBXBuildFile; fileRef = BF9D3BD621B6068F006101A2 /* BorderedTextField.swift */; };
		BF9D3BD921B61EC5006101A2 /* AddAppoinmentsViewController.swift in Sources */ = {isa = PBXBuildFile; fileRef = BF9D3BD821B61EC5006101A2 /* AddAppoinmentsViewController.swift */; };
		BF9D3BDD21B627A8006101A2 /* UserAppointmentsViewController.swift in Sources */ = {isa = PBXBuildFile; fileRef = BF9D3BDC21B627A8006101A2 /* UserAppointmentsViewController.swift */; };
		BF9D3BDF21B634A9006101A2 /* UserEditProfile.storyboard in Resources */ = {isa = PBXBuildFile; fileRef = BF9D3BDE21B634A9006101A2 /* UserEditProfile.storyboard */; };
		BFAC699721B8857C00B8D112 /* BloodRequestsModel.swift in Sources */ = {isa = PBXBuildFile; fileRef = BFAC699621B8857C00B8D112 /* BloodRequestsModel.swift */; };
		BFAC699921B88FA200B8D112 /* CompleteDonation.storyboard in Resources */ = {isa = PBXBuildFile; fileRef = BFAC699821B88FA200B8D112 /* CompleteDonation.storyboard */; };
		BFAC699B21B8956400B8D112 /* CompleteDonationViewController.swift in Sources */ = {isa = PBXBuildFile; fileRef = BFAC699A21B8956400B8D112 /* CompleteDonationViewController.swift */; };
		BFAC699D21B8EC3A00B8D112 /* UserAppointmentsTableViewCell.swift in Sources */ = {isa = PBXBuildFile; fileRef = BFAC699C21B8EC3A00B8D112 /* UserAppointmentsTableViewCell.swift */; };
		BFAC69A121B8EDCF00B8D112 /* SearchViewController.swift in Sources */ = {isa = PBXBuildFile; fileRef = BFAC69A021B8EDCF00B8D112 /* SearchViewController.swift */; };
		BFAC69A321B9075E00B8D112 /* SearchReasultsViewController.swift in Sources */ = {isa = PBXBuildFile; fileRef = BFAC69A221B9075E00B8D112 /* SearchReasultsViewController.swift */; };
		BFAC69A521B90D8E00B8D112 /* SearchReasultTableViewCell.swift in Sources */ = {isa = PBXBuildFile; fileRef = BFAC69A421B90D8E00B8D112 /* SearchReasultTableViewCell.swift */; };
		BFAC69A721B90EDF00B8D112 /* SearchResultModel.swift in Sources */ = {isa = PBXBuildFile; fileRef = BFAC69A621B90EDF00B8D112 /* SearchResultModel.swift */; };
		BFAC69A921B9331C00B8D112 /* DonationRequestsTableViewCell.swift in Sources */ = {isa = PBXBuildFile; fileRef = BFAC69A821B9331C00B8D112 /* DonationRequestsTableViewCell.swift */; };
		CE2453CF21B0D80600F7D79E /* UserDonationHistoryViewController.swift in Sources */ = {isa = PBXBuildFile; fileRef = CE2453CE21B0D80600F7D79E /* UserDonationHistoryViewController.swift */; };
		CEEEADF621961E6C00BD847C /* AppDelegate.swift in Sources */ = {isa = PBXBuildFile; fileRef = CEEEADF521961E6C00BD847C /* AppDelegate.swift */; };
		CEEEADF821961E6C00BD847C /* UserProfileViewController.swift in Sources */ = {isa = PBXBuildFile; fileRef = CEEEADF721961E6C00BD847C /* UserProfileViewController.swift */; };
		CEEEADFB21961E6C00BD847C /* Main.storyboard in Resources */ = {isa = PBXBuildFile; fileRef = CEEEADF921961E6C00BD847C /* Main.storyboard */; };
		CEEEADFE21961E6C00BD847C /* bloodAssitant.xcdatamodeld in Sources */ = {isa = PBXBuildFile; fileRef = CEEEADFC21961E6C00BD847C /* bloodAssitant.xcdatamodeld */; };
		CEEEAE0021961EBA00BD847C /* Assets.xcassets in Resources */ = {isa = PBXBuildFile; fileRef = CEEEADFF21961EBA00BD847C /* Assets.xcassets */; };
/* End PBXBuildFile section */

/* Begin PBXFileReference section */
		841A33C064BA205E69630234 /* Pods-bloodAssitant.debug.xcconfig */ = {isa = PBXFileReference; includeInIndex = 1; lastKnownFileType = text.xcconfig; name = "Pods-bloodAssitant.debug.xcconfig"; path = "Pods/Target Support Files/Pods-bloodAssitant/Pods-bloodAssitant.debug.xcconfig"; sourceTree = "<group>"; };
		BF4E143F21B721E7004EE660 /* HttpHandler.swift */ = {isa = PBXFileReference; lastKnownFileType = sourcecode.swift; path = HttpHandler.swift; sourceTree = "<group>"; };
		BF4E144121B72B89004EE660 /* SignUpViewController.swift */ = {isa = PBXFileReference; lastKnownFileType = sourcecode.swift; path = SignUpViewController.swift; sourceTree = "<group>"; };
		BF4E144321B72B9F004EE660 /* LogInViewController.swift */ = {isa = PBXFileReference; lastKnownFileType = sourcecode.swift; path = LogInViewController.swift; sourceTree = "<group>"; };
		BF4E144B21B72C27004EE660 /* UserModel.swift */ = {isa = PBXFileReference; lastKnownFileType = sourcecode.swift; path = UserModel.swift; sourceTree = "<group>"; };
		BF4E144D21B72D37004EE660 /* Constants.swift */ = {isa = PBXFileReference; lastKnownFileType = sourcecode.swift; path = Constants.swift; sourceTree = "<group>"; };
		BF4E144F21B73384004EE660 /* SharedValues.swift */ = {isa = PBXFileReference; lastKnownFileType = sourcecode.swift; path = SharedValues.swift; sourceTree = "<group>"; };
		BF4E145121B79742004EE660 /* VolunteerProfileViewController.swift */ = {isa = PBXFileReference; lastKnownFileType = sourcecode.swift; path = VolunteerProfileViewController.swift; sourceTree = "<group>"; };
		BF4E145321B7D32B004EE660 /* SimpleTableViewCell.swift */ = {isa = PBXFileReference; lastKnownFileType = sourcecode.swift; path = SimpleTableViewCell.swift; sourceTree = "<group>"; };
		BF4E145521B7DDC0004EE660 /* VolunteerAppointments.swift */ = {isa = PBXFileReference; lastKnownFileType = sourcecode.swift; path = VolunteerAppointments.swift; sourceTree = "<group>"; };
		BF79098121BDDD77009C9215 /* HospitalAppointments.swift */ = {isa = PBXFileReference; lastKnownFileType = sourcecode.swift; path = HospitalAppointments.swift; sourceTree = "<group>"; };
		BF81F69721BCDD720070B266 /* BloodRepositoryModel.swift */ = {isa = PBXFileReference; lastKnownFileType = sourcecode.swift; path = BloodRepositoryModel.swift; sourceTree = "<group>"; };
		BF81F69921BCE9510070B266 /* UpdateRepoViewController.swift */ = {isa = PBXFileReference; lastKnownFileType = sourcecode.swift; path = UpdateRepoViewController.swift; sourceTree = "<group>"; };
		BF9D3BAD21B5DF4D006101A2 /* Doctor.storyboard */ = {isa = PBXFileReference; fileEncoding = 4; lastKnownFileType = file.storyboard; path = Doctor.storyboard; sourceTree = "<group>"; };
		BF9D3BB121B5DFD1006101A2 /* HospitalAppointmentsViewController.swift */ = {isa = PBXFileReference; fileEncoding = 4; lastKnownFileType = sourcecode.swift; path = HospitalAppointmentsViewController.swift; sourceTree = "<group>"; };
		BF9D3BB221B5DFD1006101A2 /* BloodRequestVewCell.swift */ = {isa = PBXFileReference; fileEncoding = 4; lastKnownFileType = sourcecode.swift; path = BloodRequestVewCell.swift; sourceTree = "<group>"; };
		BF9D3BB321B5DFD1006101A2 /* HospitalProfileViewController.swift */ = {isa = PBXFileReference; fileEncoding = 4; lastKnownFileType = sourcecode.swift; path = HospitalProfileViewController.swift; sourceTree = "<group>"; };
		BF9D3BB421B5DFD2006101A2 /* GeneralUtils.swift */ = {isa = PBXFileReference; fileEncoding = 4; lastKnownFileType = sourcecode.swift; path = GeneralUtils.swift; sourceTree = "<group>"; };
		BF9D3BB521B5DFD2006101A2 /* RepositoryTableViewCell.swift */ = {isa = PBXFileReference; fileEncoding = 4; lastKnownFileType = sourcecode.swift; path = RepositoryTableViewCell.swift; sourceTree = "<group>"; };
		BF9D3BB621B5DFD2006101A2 /* BorderedButton.swift */ = {isa = PBXFileReference; fileEncoding = 4; lastKnownFileType = sourcecode.swift; path = BorderedButton.swift; sourceTree = "<group>"; };
		BF9D3BB721B5DFD2006101A2 /* HospitalAppointMentViewCell.swift */ = {isa = PBXFileReference; fileEncoding = 4; lastKnownFileType = sourcecode.swift; path = HospitalAppointMentViewCell.swift; sourceTree = "<group>"; };
		BF9D3BB821B5DFD2006101A2 /* HospitalDashboardController.swift */ = {isa = PBXFileReference; fileEncoding = 4; lastKnownFileType = sourcecode.swift; path = HospitalDashboardController.swift; sourceTree = "<group>"; };
		BF9D3BC121B5DFE1006101A2 /* VolunteerDshboardViewController.swift */ = {isa = PBXFileReference; fileEncoding = 4; lastKnownFileType = sourcecode.swift; path = VolunteerDshboardViewController.swift; sourceTree = "<group>"; };
		BF9D3BC721B5E4F3006101A2 /* LaunchScreen.storyboard */ = {isa = PBXFileReference; fileEncoding = 4; lastKnownFileType = file.storyboard; name = LaunchScreen.storyboard; path = ../../LaunchScreen.storyboard; sourceTree = "<group>"; };
		BF9D3BD421B60184006101A2 /* BlackButton.swift */ = {isa = PBXFileReference; lastKnownFileType = sourcecode.swift; path = BlackButton.swift; sourceTree = "<group>"; };
		BF9D3BD621B6068F006101A2 /* BorderedTextField.swift */ = {isa = PBXFileReference; lastKnownFileType = sourcecode.swift; path = BorderedTextField.swift; sourceTree = "<group>"; };
		BF9D3BD821B61EC5006101A2 /* AddAppoinmentsViewController.swift */ = {isa = PBXFileReference; lastKnownFileType = sourcecode.swift; path = AddAppoinmentsViewController.swift; sourceTree = "<group>"; };
		BF9D3BDC21B627A8006101A2 /* UserAppointmentsViewController.swift */ = {isa = PBXFileReference; lastKnownFileType = sourcecode.swift; path = UserAppointmentsViewController.swift; sourceTree = "<group>"; };
		BF9D3BDE21B634A9006101A2 /* UserEditProfile.storyboard */ = {isa = PBXFileReference; lastKnownFileType = file.storyboard; path = UserEditProfile.storyboard; sourceTree = "<group>"; };
		BFAC699621B8857C00B8D112 /* BloodRequestsModel.swift */ = {isa = PBXFileReference; lastKnownFileType = sourcecode.swift; path = BloodRequestsModel.swift; sourceTree = "<group>"; };
		BFAC699821B88FA200B8D112 /* CompleteDonation.storyboard */ = {isa = PBXFileReference; lastKnownFileType = file.storyboard; path = CompleteDonation.storyboard; sourceTree = "<group>"; };
		BFAC699A21B8956400B8D112 /* CompleteDonationViewController.swift */ = {isa = PBXFileReference; lastKnownFileType = sourcecode.swift; path = CompleteDonationViewController.swift; sourceTree = "<group>"; };
		BFAC699C21B8EC3A00B8D112 /* UserAppointmentsTableViewCell.swift */ = {isa = PBXFileReference; fileEncoding = 4; lastKnownFileType = sourcecode.swift; path = UserAppointmentsTableViewCell.swift; sourceTree = "<group>"; };
		BFAC69A021B8EDCF00B8D112 /* SearchViewController.swift */ = {isa = PBXFileReference; lastKnownFileType = sourcecode.swift; path = SearchViewController.swift; sourceTree = "<group>"; };
		BFAC69A221B9075E00B8D112 /* SearchReasultsViewController.swift */ = {isa = PBXFileReference; lastKnownFileType = sourcecode.swift; path = SearchReasultsViewController.swift; sourceTree = "<group>"; };
		BFAC69A421B90D8E00B8D112 /* SearchReasultTableViewCell.swift */ = {isa = PBXFileReference; lastKnownFileType = sourcecode.swift; path = SearchReasultTableViewCell.swift; sourceTree = "<group>"; };
		BFAC69A621B90EDF00B8D112 /* SearchResultModel.swift */ = {isa = PBXFileReference; lastKnownFileType = sourcecode.swift; path = SearchResultModel.swift; sourceTree = "<group>"; };
		BFAC69A821B9331C00B8D112 /* DonationRequestsTableViewCell.swift */ = {isa = PBXFileReference; lastKnownFileType = sourcecode.swift; path = DonationRequestsTableViewCell.swift; sourceTree = "<group>"; };
		CE2453CE21B0D80600F7D79E /* UserDonationHistoryViewController.swift */ = {isa = PBXFileReference; lastKnownFileType = sourcecode.swift; path = UserDonationHistoryViewController.swift; sourceTree = "<group>"; };
		CEEEADF221961E6C00BD847C /* bloodAssitant.app */ = {isa = PBXFileReference; explicitFileType = wrapper.application; includeInIndex = 0; path = bloodAssitant.app; sourceTree = BUILT_PRODUCTS_DIR; };
		CEEEADF521961E6C00BD847C /* AppDelegate.swift */ = {isa = PBXFileReference; lastKnownFileType = sourcecode.swift; path = AppDelegate.swift; sourceTree = "<group>"; };
		CEEEADF721961E6C00BD847C /* UserProfileViewController.swift */ = {isa = PBXFileReference; lastKnownFileType = sourcecode.swift; path = UserProfileViewController.swift; sourceTree = "<group>"; };
		CEEEADFA21961E6C00BD847C /* Base */ = {isa = PBXFileReference; lastKnownFileType = file.storyboard; name = Base; path = Base.lproj/Main.storyboard; sourceTree = "<group>"; };
		CEEEADFD21961E6C00BD847C /* bloodAssitant.xcdatamodel */ = {isa = PBXFileReference; lastKnownFileType = wrapper.xcdatamodel; path = bloodAssitant.xcdatamodel; sourceTree = "<group>"; };
		CEEEADFF21961EBA00BD847C /* Assets.xcassets */ = {isa = PBXFileReference; lastKnownFileType = folder.assetcatalog; path = Assets.xcassets; sourceTree = "<group>"; };
		CEEEAE0421961EBA00BD847C /* Info.plist */ = {isa = PBXFileReference; lastKnownFileType = text.plist.xml; path = Info.plist; sourceTree = "<group>"; };
		F8BD2164183B2988DF66DC19 /* Pods_bloodAssitant.framework */ = {isa = PBXFileReference; explicitFileType = wrapper.framework; includeInIndex = 0; path = Pods_bloodAssitant.framework; sourceTree = BUILT_PRODUCTS_DIR; };
		FB593B8C8DD657ED38582DBB /* Pods-bloodAssitant.release.xcconfig */ = {isa = PBXFileReference; includeInIndex = 1; lastKnownFileType = text.xcconfig; name = "Pods-bloodAssitant.release.xcconfig"; path = "Pods/Target Support Files/Pods-bloodAssitant/Pods-bloodAssitant.release.xcconfig"; sourceTree = "<group>"; };
/* End PBXFileReference section */

/* Begin PBXFrameworksBuildPhase section */
		CEEEADEF21961E6B00BD847C /* Frameworks */ = {
			isa = PBXFrameworksBuildPhase;
			buildActionMask = 2147483647;
			files = (
				9D2F469F803543BE95DCABEB /* Pods_bloodAssitant.framework in Frameworks */,
			);
			runOnlyForDeploymentPostprocessing = 0;
		};
/* End PBXFrameworksBuildPhase section */

/* Begin PBXGroup section */
		9E54F40CF052BF38063882AA /* Frameworks */ = {
			isa = PBXGroup;
			children = (
				F8BD2164183B2988DF66DC19 /* Pods_bloodAssitant.framework */,
			);
			name = Frameworks;
			sourceTree = "<group>";
		};
		BF4E144521B72BC9004EE660 /* Shared */ = {
			isa = PBXGroup;
			children = (
				BFAC699821B88FA200B8D112 /* CompleteDonation.storyboard */,
				BF4E144821B72BF2004EE660 /* Controllers */,
				BF4E144621B72BD2004EE660 /* Models */,
			);
			path = Shared;
			sourceTree = "<group>";
		};
		BF4E144621B72BD2004EE660 /* Models */ = {
			isa = PBXGroup;
			children = (
				BF4E144B21B72C27004EE660 /* UserModel.swift */,
				BFAC699621B8857C00B8D112 /* BloodRequestsModel.swift */,
			);
			path = Models;
			sourceTree = "<group>";
		};
		BF4E144821B72BF2004EE660 /* Controllers */ = {
			isa = PBXGroup;
			children = (
				BF4E144121B72B89004EE660 /* SignUpViewController.swift */,
				BF4E144321B72B9F004EE660 /* LogInViewController.swift */,
				CEEEADF721961E6C00BD847C /* UserProfileViewController.swift */,
				BF9D3BB221B5DFD1006101A2 /* BloodRequestVewCell.swift */,
				BFAC699A21B8956400B8D112 /* CompleteDonationViewController.swift */,
			);
			path = Controllers;
			sourceTree = "<group>";
		};
		BF9D3BCB21B5FB45006101A2 /* Volunteer */ = {
			isa = PBXGroup;
			children = (
				CEEEADF921961E6C00BD847C /* Main.storyboard */,
				BF9D3BDE21B634A9006101A2 /* UserEditProfile.storyboard */,
				BF9D3BD221B5FB98006101A2 /* Models */,
				BF9D3BD021B5FB85006101A2 /* Controllers */,
			);
			path = Volunteer;
			sourceTree = "<group>";
		};
		BF9D3BCD21B5FB64006101A2 /* Hospital */ = {
			isa = PBXGroup;
			children = (
				BF9D3BAD21B5DF4D006101A2 /* Doctor.storyboard */,
				BF9D3BCF21B5FB78006101A2 /* Models */,
				BF9D3BCE21B5FB6D006101A2 /* Controllers */,
			);
			path = Hospital;
			sourceTree = "<group>";
		};
		BF9D3BCE21B5FB6D006101A2 /* Controllers */ = {
			isa = PBXGroup;
			children = (
				BF9D3BB721B5DFD2006101A2 /* HospitalAppointMentViewCell.swift */,
				BF9D3BB821B5DFD2006101A2 /* HospitalDashboardController.swift */,
				BF9D3BB321B5DFD1006101A2 /* HospitalProfileViewController.swift */,
				BF9D3BB121B5DFD1006101A2 /* HospitalAppointmentsViewController.swift */,
				BF9D3BB521B5DFD2006101A2 /* RepositoryTableViewCell.swift */,
				BF81F69921BCE9510070B266 /* UpdateRepoViewController.swift */,
			);
			path = Controllers;
			sourceTree = "<group>";
		};
		BF9D3BCF21B5FB78006101A2 /* Models */ = {
			isa = PBXGroup;
			children = (
				BF81F69721BCDD720070B266 /* BloodRepositoryModel.swift */,
				BF79098121BDDD77009C9215 /* HospitalAppointments.swift */,
			);
			path = Models;
			sourceTree = "<group>";
		};
		BF9D3BD021B5FB85006101A2 /* Controllers */ = {
			isa = PBXGroup;
			children = (
				BFAC699C21B8EC3A00B8D112 /* UserAppointmentsTableViewCell.swift */,
				BF9D3BC121B5DFE1006101A2 /* VolunteerDshboardViewController.swift */,
				CE2453CE21B0D80600F7D79E /* UserDonationHistoryViewController.swift */,
				BF9D3BD821B61EC5006101A2 /* AddAppoinmentsViewController.swift */,
				BF9D3BDC21B627A8006101A2 /* UserAppointmentsViewController.swift */,
				BF4E145121B79742004EE660 /* VolunteerProfileViewController.swift */,
				BF4E145321B7D32B004EE660 /* SimpleTableViewCell.swift */,
				BFAC69A021B8EDCF00B8D112 /* SearchViewController.swift */,
				BFAC69A221B9075E00B8D112 /* SearchReasultsViewController.swift */,
				BFAC69A421B90D8E00B8D112 /* SearchReasultTableViewCell.swift */,
				BFAC69A821B9331C00B8D112 /* DonationRequestsTableViewCell.swift */,
			);
			path = Controllers;
			sourceTree = "<group>";
		};
		BF9D3BD221B5FB98006101A2 /* Models */ = {
			isa = PBXGroup;
			children = (
				BF4E145521B7DDC0004EE660 /* VolunteerAppointments.swift */,
				BFAC69A621B90EDF00B8D112 /* SearchResultModel.swift */,
			);
			path = Models;
			sourceTree = "<group>";
		};
		BF9D3BD321B5FBF6006101A2 /* Utils */ = {
			isa = PBXGroup;
			children = (
				BF9D3BB621B5DFD2006101A2 /* BorderedButton.swift */,
				BF9D3BB421B5DFD2006101A2 /* GeneralUtils.swift */,
				BF9D3BD421B60184006101A2 /* BlackButton.swift */,
				BF9D3BD621B6068F006101A2 /* BorderedTextField.swift */,
				BF4E143F21B721E7004EE660 /* HttpHandler.swift */,
				BF4E144D21B72D37004EE660 /* Constants.swift */,
				BF4E144F21B73384004EE660 /* SharedValues.swift */,
			);
			path = Utils;
			sourceTree = "<group>";
		};
		CEEEADE921961E6B00BD847C = {
			isa = PBXGroup;
			children = (
				CEEEADF421961E6C00BD847C /* bloodAssitant */,
				CEEEADF321961E6C00BD847C /* Products */,
				F4F1C33D8F124ECE46010F85 /* Pods */,
				9E54F40CF052BF38063882AA /* Frameworks */,
			);
			sourceTree = "<group>";
		};
		CEEEADF321961E6C00BD847C /* Products */ = {
			isa = PBXGroup;
			children = (
				CEEEADF221961E6C00BD847C /* bloodAssitant.app */,
			);
			name = Products;
			sourceTree = "<group>";
		};
		CEEEADF421961E6C00BD847C /* bloodAssitant */ = {
			isa = PBXGroup;
			children = (
				BF4E144521B72BC9004EE660 /* Shared */,
				BF9D3BD321B5FBF6006101A2 /* Utils */,
				BF9D3BCD21B5FB64006101A2 /* Hospital */,
				BF9D3BCB21B5FB45006101A2 /* Volunteer */,
				BF9D3BC721B5E4F3006101A2 /* LaunchScreen.storyboard */,
				CEEEADF521961E6C00BD847C /* AppDelegate.swift */,
				CEEEADFF21961EBA00BD847C /* Assets.xcassets */,
				CEEEAE0421961EBA00BD847C /* Info.plist */,
				CEEEADFC21961E6C00BD847C /* bloodAssitant.xcdatamodeld */,
			);
			path = bloodAssitant;
			sourceTree = "<group>";
		};
		F4F1C33D8F124ECE46010F85 /* Pods */ = {
			isa = PBXGroup;
			children = (
				841A33C064BA205E69630234 /* Pods-bloodAssitant.debug.xcconfig */,
				FB593B8C8DD657ED38582DBB /* Pods-bloodAssitant.release.xcconfig */,
			);
			name = Pods;
			sourceTree = "<group>";
		};
/* End PBXGroup section */

/* Begin PBXNativeTarget section */
		CEEEADF121961E6B00BD847C /* bloodAssitant */ = {
			isa = PBXNativeTarget;
			buildConfigurationList = CEEEAE0721961EBA00BD847C /* Build configuration list for PBXNativeTarget "bloodAssitant" */;
			buildPhases = (
				0FBD717F36A725A0B36B38CB /* [CP] Check Pods Manifest.lock */,
				CEEEADEE21961E6B00BD847C /* Sources */,
				CEEEADEF21961E6B00BD847C /* Frameworks */,
				CEEEADF021961E6B00BD847C /* Resources */,
				2BB6D21E838EF4870F0B88CD /* [CP] Embed Pods Frameworks */,
			);
			buildRules = (
			);
			dependencies = (
			);
			name = bloodAssitant;
			productName = bloodAssitant;
			productReference = CEEEADF221961E6C00BD847C /* bloodAssitant.app */;
			productType = "com.apple.product-type.application";
		};
/* End PBXNativeTarget section */

/* Begin PBXProject section */
		CEEEADEA21961E6B00BD847C /* Project object */ = {
			isa = PBXProject;
			attributes = {
				LastSwiftUpdateCheck = 1000;
				LastUpgradeCheck = 1000;
				ORGANIZATIONNAME = "Abhishekkumar Israni";
				TargetAttributes = {
					CEEEADF121961E6B00BD847C = {
						CreatedOnToolsVersion = 10.0;
					};
				};
			};
			buildConfigurationList = CEEEADED21961E6B00BD847C /* Build configuration list for PBXProject "bloodAssitant" */;
			compatibilityVersion = "Xcode 9.3";
			developmentRegion = en;
			hasScannedForEncodings = 0;
			knownRegions = (
				en,
				Base,
			);
			mainGroup = CEEEADE921961E6B00BD847C;
			productRefGroup = CEEEADF321961E6C00BD847C /* Products */;
			projectDirPath = "";
			projectRoot = "";
			targets = (
				CEEEADF121961E6B00BD847C /* bloodAssitant */,
			);
		};
/* End PBXProject section */

/* Begin PBXResourcesBuildPhase section */
		CEEEADF021961E6B00BD847C /* Resources */ = {
			isa = PBXResourcesBuildPhase;
			buildActionMask = 2147483647;
			files = (
				CEEEAE0021961EBA00BD847C /* Assets.xcassets in Resources */,
				BF9D3BC821B5E4F3006101A2 /* LaunchScreen.storyboard in Resources */,
				CEEEADFB21961E6C00BD847C /* Main.storyboard in Resources */,
				BF9D3BDF21B634A9006101A2 /* UserEditProfile.storyboard in Resources */,
				BF9D3BAE21B5DF4D006101A2 /* Doctor.storyboard in Resources */,
				BFAC699921B88FA200B8D112 /* CompleteDonation.storyboard in Resources */,
			);
			runOnlyForDeploymentPostprocessing = 0;
		};
/* End PBXResourcesBuildPhase section */

/* Begin PBXShellScriptBuildPhase section */
		0FBD717F36A725A0B36B38CB /* [CP] Check Pods Manifest.lock */ = {
			isa = PBXShellScriptBuildPhase;
			buildActionMask = 2147483647;
			files = (
			);
			inputFileListPaths = (
			);
			inputPaths = (
				"${PODS_PODFILE_DIR_PATH}/Podfile.lock",
				"${PODS_ROOT}/Manifest.lock",
			);
			name = "[CP] Check Pods Manifest.lock";
			outputFileListPaths = (
			);
			outputPaths = (
				"$(DERIVED_FILE_DIR)/Pods-bloodAssitant-checkManifestLockResult.txt",
			);
			runOnlyForDeploymentPostprocessing = 0;
			shellPath = /bin/sh;
			shellScript = "diff \"${PODS_PODFILE_DIR_PATH}/Podfile.lock\" \"${PODS_ROOT}/Manifest.lock\" > /dev/null\nif [ $? != 0 ] ; then\n    # print error to STDERR\n    echo \"error: The sandbox is not in sync with the Podfile.lock. Run 'pod install' or update your CocoaPods installation.\" >&2\n    exit 1\nfi\n# This output is used by Xcode 'outputs' to avoid re-running this script phase.\necho \"SUCCESS\" > \"${SCRIPT_OUTPUT_FILE_0}\"\n";
			showEnvVarsInLog = 0;
		};
		2BB6D21E838EF4870F0B88CD /* [CP] Embed Pods Frameworks */ = {
			isa = PBXShellScriptBuildPhase;
			buildActionMask = 2147483647;
			files = (
			);
			inputFileListPaths = (
			);
			inputPaths = (
				"${SRCROOT}/Pods/Target Support Files/Pods-bloodAssitant/Pods-bloodAssitant-frameworks.sh",
				"${BUILT_PRODUCTS_DIR}/Alamofire/Alamofire.framework",
				"${BUILT_PRODUCTS_DIR}/SwiftyJSON/SwiftyJSON.framework",
			);
			name = "[CP] Embed Pods Frameworks";
			outputFileListPaths = (
			);
			outputPaths = (
				"${TARGET_BUILD_DIR}/${FRAMEWORKS_FOLDER_PATH}/Alamofire.framework",
				"${TARGET_BUILD_DIR}/${FRAMEWORKS_FOLDER_PATH}/SwiftyJSON.framework",
			);
			runOnlyForDeploymentPostprocessing = 0;
			shellPath = /bin/sh;
			shellScript = "\"${SRCROOT}/Pods/Target Support Files/Pods-bloodAssitant/Pods-bloodAssitant-frameworks.sh\"\n";
			showEnvVarsInLog = 0;
		};
/* End PBXShellScriptBuildPhase section */

/* Begin PBXSourcesBuildPhase section */
		CEEEADEE21961E6B00BD847C /* Sources */ = {
			isa = PBXSourcesBuildPhase;
			buildActionMask = 2147483647;
			files = (
				BFAC69A121B8EDCF00B8D112 /* SearchViewController.swift in Sources */,
				BFAC69A921B9331C00B8D112 /* DonationRequestsTableViewCell.swift in Sources */,
				BF4E144E21B72D37004EE660 /* Constants.swift in Sources */,
				BFAC69A721B90EDF00B8D112 /* SearchResultModel.swift in Sources */,
				BFAC69A321B9075E00B8D112 /* SearchReasultsViewController.swift in Sources */,
				BF4E144221B72B89004EE660 /* SignUpViewController.swift in Sources */,
				BF4E144021B721E7004EE660 /* HttpHandler.swift in Sources */,
				BF9D3BD921B61EC5006101A2 /* AddAppoinmentsViewController.swift in Sources */,
				BF9D3BDD21B627A8006101A2 /* UserAppointmentsViewController.swift in Sources */,
				BF4E145221B79742004EE660 /* VolunteerProfileViewController.swift in Sources */,
				BFAC69A521B90D8E00B8D112 /* SearchReasultTableViewCell.swift in Sources */,
				BF81F69821BCDD720070B266 /* BloodRepositoryModel.swift in Sources */,
				BFAC699B21B8956400B8D112 /* CompleteDonationViewController.swift in Sources */,
				CE2453CF21B0D80600F7D79E /* UserDonationHistoryViewController.swift in Sources */,
				BF9D3BBE21B5DFD2006101A2 /* BorderedButton.swift in Sources */,
				BF9D3BD721B6068F006101A2 /* BorderedTextField.swift in Sources */,
				BFAC699D21B8EC3A00B8D112 /* UserAppointmentsTableViewCell.swift in Sources */,
				CEEEADF821961E6C00BD847C /* UserProfileViewController.swift in Sources */,
				BF4E145621B7DDC0004EE660 /* VolunteerAppointments.swift in Sources */,
				BF4E144C21B72C27004EE660 /* UserModel.swift in Sources */,
				BF9D3BC021B5DFD2006101A2 /* HospitalDashboardController.swift in Sources */,
				BF81F69A21BCE9510070B266 /* UpdateRepoViewController.swift in Sources */,
				BF9D3BD521B60184006101A2 /* BlackButton.swift in Sources */,
				BF9D3BBB21B5DFD2006101A2 /* HospitalProfileViewController.swift in Sources */,
				BF4E145021B73384004EE660 /* SharedValues.swift in Sources */,
				CEEEADF621961E6C00BD847C /* AppDelegate.swift in Sources */,
				BF9D3BBD21B5DFD2006101A2 /* RepositoryTableViewCell.swift in Sources */,
				CEEEADFE21961E6C00BD847C /* bloodAssitant.xcdatamodeld in Sources */,
				BF9D3BBF21B5DFD2006101A2 /* HospitalAppointMentViewCell.swift in Sources */,
				BF4E144421B72B9F004EE660 /* LogInViewController.swift in Sources */,
				BF9D3BB921B5DFD2006101A2 /* HospitalAppointmentsViewController.swift in Sources */,
				BF79098221BDDD77009C9215 /* HospitalAppointments.swift in Sources */,
				BF9D3BBC21B5DFD2006101A2 /* GeneralUtils.swift in Sources */,
				BFAC699721B8857C00B8D112 /* BloodRequestsModel.swift in Sources */,
				BF4E145421B7D32B004EE660 /* SimpleTableViewCell.swift in Sources */,
				BF9D3BC221B5DFE1006101A2 /* VolunteerDshboardViewController.swift in Sources */,
				BF9D3BBA21B5DFD2006101A2 /* BloodRequestVewCell.swift in Sources */,
			);
			runOnlyForDeploymentPostprocessing = 0;
		};
/* End PBXSourcesBuildPhase section */

/* Begin PBXVariantGroup section */
		CEEEADF921961E6C00BD847C /* Main.storyboard */ = {
			isa = PBXVariantGroup;
			children = (
				CEEEADFA21961E6C00BD847C /* Base */,
			);
			name = Main.storyboard;
			sourceTree = "<group>";
		};
/* End PBXVariantGroup section */

/* Begin XCBuildConfiguration section */
		CEEEAE0521961EBA00BD847C /* Debug */ = {
			isa = XCBuildConfiguration;
			buildSettings = {
				ALWAYS_SEARCH_USER_PATHS = NO;
				CLANG_ANALYZER_NONNULL = YES;
				CLANG_ANALYZER_NUMBER_OBJECT_CONVERSION = YES_AGGRESSIVE;
				CLANG_CXX_LANGUAGE_STANDARD = "gnu++14";
				CLANG_CXX_LIBRARY = "libc++";
				CLANG_ENABLE_MODULES = YES;
				CLANG_ENABLE_OBJC_ARC = YES;
				CLANG_ENABLE_OBJC_WEAK = YES;
				CLANG_WARN_BLOCK_CAPTURE_AUTORELEASING = YES;
				CLANG_WARN_BOOL_CONVERSION = YES;
				CLANG_WARN_COMMA = YES;
				CLANG_WARN_CONSTANT_CONVERSION = YES;
				CLANG_WARN_DEPRECATED_OBJC_IMPLEMENTATIONS = YES;
				CLANG_WARN_DIRECT_OBJC_ISA_USAGE = YES_ERROR;
				CLANG_WARN_DOCUMENTATION_COMMENTS = YES;
				CLANG_WARN_EMPTY_BODY = YES;
				CLANG_WARN_ENUM_CONVERSION = YES;
				CLANG_WARN_INFINITE_RECURSION = YES;
				CLANG_WARN_INT_CONVERSION = YES;
				CLANG_WARN_NON_LITERAL_NULL_CONVERSION = YES;
				CLANG_WARN_OBJC_IMPLICIT_RETAIN_SELF = YES;
				CLANG_WARN_OBJC_LITERAL_CONVERSION = YES;
				CLANG_WARN_OBJC_ROOT_CLASS = YES_ERROR;
				CLANG_WARN_RANGE_LOOP_ANALYSIS = YES;
				CLANG_WARN_STRICT_PROTOTYPES = YES;
				CLANG_WARN_SUSPICIOUS_MOVE = YES;
				CLANG_WARN_UNGUARDED_AVAILABILITY = YES_AGGRESSIVE;
				CLANG_WARN_UNREACHABLE_CODE = YES;
				CLANG_WARN__DUPLICATE_METHOD_MATCH = YES;
				CODE_SIGN_IDENTITY = "iPhone Developer";
				COPY_PHASE_STRIP = NO;
				DEBUG_INFORMATION_FORMAT = dwarf;
				ENABLE_STRICT_OBJC_MSGSEND = YES;
				ENABLE_TESTABILITY = YES;
				GCC_C_LANGUAGE_STANDARD = gnu11;
				GCC_DYNAMIC_NO_PIC = NO;
				GCC_NO_COMMON_BLOCKS = YES;
				GCC_OPTIMIZATION_LEVEL = 0;
				GCC_PREPROCESSOR_DEFINITIONS = (
					"DEBUG=1",
					"$(inherited)",
				);
				GCC_WARN_64_TO_32_BIT_CONVERSION = YES;
				GCC_WARN_ABOUT_RETURN_TYPE = YES_ERROR;
				GCC_WARN_UNDECLARED_SELECTOR = YES;
				GCC_WARN_UNINITIALIZED_AUTOS = YES_AGGRESSIVE;
				GCC_WARN_UNUSED_FUNCTION = YES;
				GCC_WARN_UNUSED_VARIABLE = YES;
				IPHONEOS_DEPLOYMENT_TARGET = 12.0;
				MTL_ENABLE_DEBUG_INFO = INCLUDE_SOURCE;
				MTL_FAST_MATH = YES;
				ONLY_ACTIVE_ARCH = YES;
				SDKROOT = iphoneos;
				SWIFT_ACTIVE_COMPILATION_CONDITIONS = DEBUG;
				SWIFT_OPTIMIZATION_LEVEL = "-Onone";
			};
			name = Debug;
		};
		CEEEAE0621961EBA00BD847C /* Release */ = {
			isa = XCBuildConfiguration;
			buildSettings = {
				ALWAYS_SEARCH_USER_PATHS = NO;
				CLANG_ANALYZER_NONNULL = YES;
				CLANG_ANALYZER_NUMBER_OBJECT_CONVERSION = YES_AGGRESSIVE;
				CLANG_CXX_LANGUAGE_STANDARD = "gnu++14";
				CLANG_CXX_LIBRARY = "libc++";
				CLANG_ENABLE_MODULES = YES;
				CLANG_ENABLE_OBJC_ARC = YES;
				CLANG_ENABLE_OBJC_WEAK = YES;
				CLANG_WARN_BLOCK_CAPTURE_AUTORELEASING = YES;
				CLANG_WARN_BOOL_CONVERSION = YES;
				CLANG_WARN_COMMA = YES;
				CLANG_WARN_CONSTANT_CONVERSION = YES;
				CLANG_WARN_DEPRECATED_OBJC_IMPLEMENTATIONS = YES;
				CLANG_WARN_DIRECT_OBJC_ISA_USAGE = YES_ERROR;
				CLANG_WARN_DOCUMENTATION_COMMENTS = YES;
				CLANG_WARN_EMPTY_BODY = YES;
				CLANG_WARN_ENUM_CONVERSION = YES;
				CLANG_WARN_INFINITE_RECURSION = YES;
				CLANG_WARN_INT_CONVERSION = YES;
				CLANG_WARN_NON_LITERAL_NULL_CONVERSION = YES;
				CLANG_WARN_OBJC_IMPLICIT_RETAIN_SELF = YES;
				CLANG_WARN_OBJC_LITERAL_CONVERSION = YES;
				CLANG_WARN_OBJC_ROOT_CLASS = YES_ERROR;
				CLANG_WARN_RANGE_LOOP_ANALYSIS = YES;
				CLANG_WARN_STRICT_PROTOTYPES = YES;
				CLANG_WARN_SUSPICIOUS_MOVE = YES;
				CLANG_WARN_UNGUARDED_AVAILABILITY = YES_AGGRESSIVE;
				CLANG_WARN_UNREACHABLE_CODE = YES;
				CLANG_WARN__DUPLICATE_METHOD_MATCH = YES;
				CODE_SIGN_IDENTITY = "iPhone Developer";
				COPY_PHASE_STRIP = NO;
				DEBUG_INFORMATION_FORMAT = "dwarf-with-dsym";
				ENABLE_NS_ASSERTIONS = NO;
				ENABLE_STRICT_OBJC_MSGSEND = YES;
				GCC_C_LANGUAGE_STANDARD = gnu11;
				GCC_NO_COMMON_BLOCKS = YES;
				GCC_WARN_64_TO_32_BIT_CONVERSION = YES;
				GCC_WARN_ABOUT_RETURN_TYPE = YES_ERROR;
				GCC_WARN_UNDECLARED_SELECTOR = YES;
				GCC_WARN_UNINITIALIZED_AUTOS = YES_AGGRESSIVE;
				GCC_WARN_UNUSED_FUNCTION = YES;
				GCC_WARN_UNUSED_VARIABLE = YES;
				IPHONEOS_DEPLOYMENT_TARGET = 12.0;
				MTL_ENABLE_DEBUG_INFO = NO;
				MTL_FAST_MATH = YES;
				SDKROOT = iphoneos;
				SWIFT_COMPILATION_MODE = wholemodule;
				SWIFT_OPTIMIZATION_LEVEL = "-O";
				VALIDATE_PRODUCT = YES;
			};
			name = Release;
		};
		CEEEAE0821961EBA00BD847C /* Debug */ = {
			isa = XCBuildConfiguration;
			baseConfigurationReference = 841A33C064BA205E69630234 /* Pods-bloodAssitant.debug.xcconfig */;
			buildSettings = {
				ASSETCATALOG_COMPILER_APPICON_NAME = AppIcon;
				CODE_SIGN_STYLE = Automatic;
				DEVELOPMENT_TEAM = 6X5B26J782;
				INFOPLIST_FILE = bloodAssitant/Info.plist;
				LD_RUNPATH_SEARCH_PATHS = (
					"$(inherited)",
					"@executable_path/Frameworks",
				);
				PRODUCT_BUNDLE_IDENTIFIER = israni.bloodAssitant;
				PRODUCT_NAME = "$(TARGET_NAME)";
				SWIFT_VERSION = 4.2;
				TARGETED_DEVICE_FAMILY = "1,2";
			};
			name = Debug;
		};
		CEEEAE0921961EBA00BD847C /* Release */ = {
			isa = XCBuildConfiguration;
			baseConfigurationReference = FB593B8C8DD657ED38582DBB /* Pods-bloodAssitant.release.xcconfig */;
			buildSettings = {
				ASSETCATALOG_COMPILER_APPICON_NAME = AppIcon;
				CODE_SIGN_STYLE = Automatic;
				DEVELOPMENT_TEAM = 6X5B26J782;
				INFOPLIST_FILE = bloodAssitant/Info.plist;
				LD_RUNPATH_SEARCH_PATHS = (
					"$(inherited)",
					"@executable_path/Frameworks",
				);
				PRODUCT_BUNDLE_IDENTIFIER = israni.bloodAssitant;
				PRODUCT_NAME = "$(TARGET_NAME)";
				SWIFT_VERSION = 4.2;
				TARGETED_DEVICE_FAMILY = "1,2";
			};
			name = Release;
		};
/* End XCBuildConfiguration section */

/* Begin XCConfigurationList section */
		CEEEADED21961E6B00BD847C /* Build configuration list for PBXProject "bloodAssitant" */ = {
			isa = XCConfigurationList;
			buildConfigurations = (
				CEEEAE0521961EBA00BD847C /* Debug */,
				CEEEAE0621961EBA00BD847C /* Release */,
			);
			defaultConfigurationIsVisible = 0;
			defaultConfigurationName = Release;
		};
		CEEEAE0721961EBA00BD847C /* Build configuration list for PBXNativeTarget "bloodAssitant" */ = {
			isa = XCConfigurationList;
			buildConfigurations = (
				CEEEAE0821961EBA00BD847C /* Debug */,
				CEEEAE0921961EBA00BD847C /* Release */,
			);
			defaultConfigurationIsVisible = 0;
			defaultConfigurationName = Release;
		};
/* End XCConfigurationList section */

/* Begin XCVersionGroup section */
		CEEEADFC21961E6C00BD847C /* bloodAssitant.xcdatamodeld */ = {
			isa = XCVersionGroup;
			children = (
				CEEEADFD21961E6C00BD847C /* bloodAssitant.xcdatamodel */,
			);
			currentVersion = CEEEADFD21961E6C00BD847C /* bloodAssitant.xcdatamodel */;
			path = bloodAssitant.xcdatamodeld;
			sourceTree = "<group>";
			versionGroupType = wrapper.xcdatamodel;
		};
/* End XCVersionGroup section */
	};
	rootObject = CEEEADEA21961E6B00BD847C /* Project object */;
}
