// !$*UTF8*$!
{
	archiveVersion = 1;
	classes = {
	};
	objectVersion = 50;
	objects = {

/* Begin PBXBuildFile section */
		CE2453C9219BE68B00F7D79E /* TableViewControllerForCity.swift in Sources */ = {isa = PBXBuildFile; fileRef = CE2453C8219BE68B00F7D79E /* TableViewControllerForCity.swift */; };
		CEEEADF621961E6C00BD847C /* AppDelegate.swift in Sources */ = {isa = PBXBuildFile; fileRef = CEEEADF521961E6C00BD847C /* AppDelegate.swift */; };
		CEEEADF821961E6C00BD847C /* ViewController.swift in Sources */ = {isa = PBXBuildFile; fileRef = CEEEADF721961E6C00BD847C /* ViewController.swift */; };
		CEEEADFB21961E6C00BD847C /* Main.storyboard in Resources */ = {isa = PBXBuildFile; fileRef = CEEEADF921961E6C00BD847C /* Main.storyboard */; };
		CEEEADFE21961E6C00BD847C /* bloodAssitant.xcdatamodeld in Sources */ = {isa = PBXBuildFile; fileRef = CEEEADFC21961E6C00BD847C /* bloodAssitant.xcdatamodeld */; };
		CEEEAE0021961EBA00BD847C /* Assets.xcassets in Resources */ = {isa = PBXBuildFile; fileRef = CEEEADFF21961EBA00BD847C /* Assets.xcassets */; };
		CEEEAE0321961EBA00BD847C /* LaunchScreen.storyboard in Resources */ = {isa = PBXBuildFile; fileRef = CEEEAE0121961EBA00BD847C /* LaunchScreen.storyboard */; };
		CEEEAE11219A503100BD847C /* TableViewControllerForCountry.swift in Sources */ = {isa = PBXBuildFile; fileRef = CEEEAE10219A503100BD847C /* TableViewControllerForCountry.swift */; };
/* End PBXBuildFile section */

/* Begin PBXFileReference section */
		CE2453C8219BE68B00F7D79E /* TableViewControllerForCity.swift */ = {isa = PBXFileReference; lastKnownFileType = sourcecode.swift; path = TableViewControllerForCity.swift; sourceTree = "<group>"; };
		CEEEADF221961E6C00BD847C /* bloodAssitant.app */ = {isa = PBXFileReference; explicitFileType = wrapper.application; includeInIndex = 0; path = bloodAssitant.app; sourceTree = BUILT_PRODUCTS_DIR; };
		CEEEADF521961E6C00BD847C /* AppDelegate.swift */ = {isa = PBXFileReference; lastKnownFileType = sourcecode.swift; path = AppDelegate.swift; sourceTree = "<group>"; };
		CEEEADF721961E6C00BD847C /* ViewController.swift */ = {isa = PBXFileReference; lastKnownFileType = sourcecode.swift; path = ViewController.swift; sourceTree = "<group>"; };
		CEEEADFA21961E6C00BD847C /* Base */ = {isa = PBXFileReference; lastKnownFileType = file.storyboard; name = Base; path = Base.lproj/Main.storyboard; sourceTree = "<group>"; };
		CEEEADFD21961E6C00BD847C /* bloodAssitant.xcdatamodel */ = {isa = PBXFileReference; lastKnownFileType = wrapper.xcdatamodel; path = bloodAssitant.xcdatamodel; sourceTree = "<group>"; };
		CEEEADFF21961EBA00BD847C /* Assets.xcassets */ = {isa = PBXFileReference; lastKnownFileType = folder.assetcatalog; path = Assets.xcassets; sourceTree = "<group>"; };
		CEEEAE0221961EBA00BD847C /* Base */ = {isa = PBXFileReference; lastKnownFileType = file.storyboard; name = Base; path = Base.lproj/LaunchScreen.storyboard; sourceTree = "<group>"; };
		CEEEAE0421961EBA00BD847C /* Info.plist */ = {isa = PBXFileReference; lastKnownFileType = text.plist.xml; path = Info.plist; sourceTree = "<group>"; };
		CEEEAE10219A503100BD847C /* TableViewControllerForCountry.swift */ = {isa = PBXFileReference; lastKnownFileType = sourcecode.swift; name = TableViewControllerForCountry.swift; path = ../TableViewControllerForCountry.swift; sourceTree = "<group>"; };
/* End PBXFileReference section */

/* Begin PBXFrameworksBuildPhase section */
		CEEEADEF21961E6B00BD847C /* Frameworks */ = {
			isa = PBXFrameworksBuildPhase;
			buildActionMask = 2147483647;
			files = (
			);
			runOnlyForDeploymentPostprocessing = 0;
		};
/* End PBXFrameworksBuildPhase section */

/* Begin PBXGroup section */
		CEEEADE921961E6B00BD847C = {
			isa = PBXGroup;
			children = (
				CEEEADF421961E6C00BD847C /* bloodAssitant */,
				CEEEADF321961E6C00BD847C /* Products */,
			);
			sourceTree = "<group>";
		};
		CEEEADF321961E6C00BD847C /* Products */ = {
			isa = PBXGroup;
			children = (
				CEEEADF221961E6C00BD847C /* bloodAssitant.app */,
			);
			name = Products;
			sourceTree = "<group>";
		};
		CEEEADF421961E6C00BD847C /* bloodAssitant */ = {
			isa = PBXGroup;
			children = (
				CEEEADF521961E6C00BD847C /* AppDelegate.swift */,
				CEEEADF721961E6C00BD847C /* ViewController.swift */,
				CE2453C8219BE68B00F7D79E /* TableViewControllerForCity.swift */,
				CEEEAE10219A503100BD847C /* TableViewControllerForCountry.swift */,
				CEEEADF921961E6C00BD847C /* Main.storyboard */,
				CEEEADFF21961EBA00BD847C /* Assets.xcassets */,
				CEEEAE0121961EBA00BD847C /* LaunchScreen.storyboard */,
				CEEEAE0421961EBA00BD847C /* Info.plist */,
				CEEEADFC21961E6C00BD847C /* bloodAssitant.xcdatamodeld */,
			);
			path = bloodAssitant;
			sourceTree = "<group>";
		};
/* End PBXGroup section */

/* Begin PBXNativeTarget section */
		CEEEADF121961E6B00BD847C /* bloodAssitant */ = {
			isa = PBXNativeTarget;
			buildConfigurationList = CEEEAE0721961EBA00BD847C /* Build configuration list for PBXNativeTarget "bloodAssitant" */;
			buildPhases = (
				CEEEADEE21961E6B00BD847C /* Sources */,
				CEEEADEF21961E6B00BD847C /* Frameworks */,
				CEEEADF021961E6B00BD847C /* Resources */,
			);
			buildRules = (
			);
			dependencies = (
			);
			name = bloodAssitant;
			productName = bloodAssitant;
			productReference = CEEEADF221961E6C00BD847C /* bloodAssitant.app */;
			productType = "com.apple.product-type.application";
		};
/* End PBXNativeTarget section */

/* Begin PBXProject section */
		CEEEADEA21961E6B00BD847C /* Project object */ = {
			isa = PBXProject;
			attributes = {
				LastSwiftUpdateCheck = 1000;
				LastUpgradeCheck = 1000;
				ORGANIZATIONNAME = "Abhishekkumar Israni";
				TargetAttributes = {
					CEEEADF121961E6B00BD847C = {
						CreatedOnToolsVersion = 10.0;
					};
				};
			};
			buildConfigurationList = CEEEADED21961E6B00BD847C /* Build configuration list for PBXProject "bloodAssitant" */;
			compatibilityVersion = "Xcode 9.3";
			developmentRegion = en;
			hasScannedForEncodings = 0;
			knownRegions = (
				en,
				Base,
			);
			mainGroup = CEEEADE921961E6B00BD847C;
			productRefGroup = CEEEADF321961E6C00BD847C /* Products */;
			projectDirPath = "";
			projectRoot = "";
			targets = (
				CEEEADF121961E6B00BD847C /* bloodAssitant */,
			);
		};
/* End PBXProject section */

/* Begin PBXResourcesBuildPhase section */
		CEEEADF021961E6B00BD847C /* Resources */ = {
			isa = PBXResourcesBuildPhase;
			buildActionMask = 2147483647;
			files = (
				CEEEAE0321961EBA00BD847C /* LaunchScreen.storyboard in Resources */,
				CEEEAE0021961EBA00BD847C /* Assets.xcassets in Resources */,
				CEEEADFB21961E6C00BD847C /* Main.storyboard in Resources */,
			);
			runOnlyForDeploymentPostprocessing = 0;
		};
/* End PBXResourcesBuildPhase section */

/* Begin PBXSourcesBuildPhase section */
		CEEEADEE21961E6B00BD847C /* Sources */ = {
			isa = PBXSourcesBuildPhase;
			buildActionMask = 2147483647;
			files = (
				CEEEAE11219A503100BD847C /* TableViewControllerForCountry.swift in Sources */,
				CEEEADF821961E6C00BD847C /* ViewController.swift in Sources */,
				CE2453C9219BE68B00F7D79E /* TableViewControllerForCity.swift in Sources */,
				CEEEADF621961E6C00BD847C /* AppDelegate.swift in Sources */,
				CEEEADFE21961E6C00BD847C /* bloodAssitant.xcdatamodeld in Sources */,
			);
			runOnlyForDeploymentPostprocessing = 0;
		};
/* End PBXSourcesBuildPhase section */

/* Begin PBXVariantGroup section */
		CEEEADF921961E6C00BD847C /* Main.storyboard */ = {
			isa = PBXVariantGroup;
			children = (
				CEEEADFA21961E6C00BD847C /* Base */,
			);
			name = Main.storyboard;
			sourceTree = "<group>";
		};
		CEEEAE0121961EBA00BD847C /* LaunchScreen.storyboard */ = {
			isa = PBXVariantGroup;
			children = (
				CEEEAE0221961EBA00BD847C /* Base */,
			);
			name = LaunchScreen.storyboard;
			sourceTree = "<group>";
		};
/* End PBXVariantGroup section */

/* Begin XCBuildConfiguration section */
		CEEEAE0521961EBA00BD847C /* Debug */ = {
			isa = XCBuildConfiguration;
			buildSettings = {
				ALWAYS_SEARCH_USER_PATHS = NO;
				CLANG_ANALYZER_NONNULL = YES;
				CLANG_ANALYZER_NUMBER_OBJECT_CONVERSION = YES_AGGRESSIVE;
				CLANG_CXX_LANGUAGE_STANDARD = "gnu++14";
				CLANG_CXX_LIBRARY = "libc++";
				CLANG_ENABLE_MODULES = YES;
				CLANG_ENABLE_OBJC_ARC = YES;
				CLANG_ENABLE_OBJC_WEAK = YES;
				CLANG_WARN_BLOCK_CAPTURE_AUTORELEASING = YES;
				CLANG_WARN_BOOL_CONVERSION = YES;
				CLANG_WARN_COMMA = YES;
				CLANG_WARN_CONSTANT_CONVERSION = YES;
				CLANG_WARN_DEPRECATED_OBJC_IMPLEMENTATIONS = YES;
				CLANG_WARN_DIRECT_OBJC_ISA_USAGE = YES_ERROR;
				CLANG_WARN_DOCUMENTATION_COMMENTS = YES;
				CLANG_WARN_EMPTY_BODY = YES;
				CLANG_WARN_ENUM_CONVERSION = YES;
				CLANG_WARN_INFINITE_RECURSION = YES;
				CLANG_WARN_INT_CONVERSION = YES;
				CLANG_WARN_NON_LITERAL_NULL_CONVERSION = YES;
				CLANG_WARN_OBJC_IMPLICIT_RETAIN_SELF = YES;
				CLANG_WARN_OBJC_LITERAL_CONVERSION = YES;
				CLANG_WARN_OBJC_ROOT_CLASS = YES_ERROR;
				CLANG_WARN_RANGE_LOOP_ANALYSIS = YES;
				CLANG_WARN_STRICT_PROTOTYPES = YES;
				CLANG_WARN_SUSPICIOUS_MOVE = YES;
				CLANG_WARN_UNGUARDED_AVAILABILITY = YES_AGGRESSIVE;
				CLANG_WARN_UNREACHABLE_CODE = YES;
				CLANG_WARN__DUPLICATE_METHOD_MATCH = YES;
				CODE_SIGN_IDENTITY = "iPhone Developer";
				COPY_PHASE_STRIP = NO;
				DEBUG_INFORMATION_FORMAT = dwarf;
				ENABLE_STRICT_OBJC_MSGSEND = YES;
				ENABLE_TESTABILITY = YES;
				GCC_C_LANGUAGE_STANDARD = gnu11;
				GCC_DYNAMIC_NO_PIC = NO;
				GCC_NO_COMMON_BLOCKS = YES;
				GCC_OPTIMIZATION_LEVEL = 0;
				GCC_PREPROCESSOR_DEFINITIONS = (
					"DEBUG=1",
					"$(inherited)",
				);
				GCC_WARN_64_TO_32_BIT_CONVERSION = YES;
				GCC_WARN_ABOUT_RETURN_TYPE = YES_ERROR;
				GCC_WARN_UNDECLARED_SELECTOR = YES;
				GCC_WARN_UNINITIALIZED_AUTOS = YES_AGGRESSIVE;
				GCC_WARN_UNUSED_FUNCTION = YES;
				GCC_WARN_UNUSED_VARIABLE = YES;
				IPHONEOS_DEPLOYMENT_TARGET = 12.0;
				MTL_ENABLE_DEBUG_INFO = INCLUDE_SOURCE;
				MTL_FAST_MATH = YES;
				ONLY_ACTIVE_ARCH = YES;
				SDKROOT = iphoneos;
				SWIFT_ACTIVE_COMPILATION_CONDITIONS = DEBUG;
				SWIFT_OPTIMIZATION_LEVEL = "-Onone";
			};
			name = Debug;
		};
		CEEEAE0621961EBA00BD847C /* Release */ = {
			isa = XCBuildConfiguration;
			buildSettings = {
				ALWAYS_SEARCH_USER_PATHS = NO;
				CLANG_ANALYZER_NONNULL = YES;
				CLANG_ANALYZER_NUMBER_OBJECT_CONVERSION = YES_AGGRESSIVE;
				CLANG_CXX_LANGUAGE_STANDARD = "gnu++14";
				CLANG_CXX_LIBRARY = "libc++";
				CLANG_ENABLE_MODULES = YES;
				CLANG_ENABLE_OBJC_ARC = YES;
				CLANG_ENABLE_OBJC_WEAK = YES;
				CLANG_WARN_BLOCK_CAPTURE_AUTORELEASING = YES;
				CLANG_WARN_BOOL_CONVERSION = YES;
				CLANG_WARN_COMMA = YES;
				CLANG_WARN_CONSTANT_CONVERSION = YES;
				CLANG_WARN_DEPRECATED_OBJC_IMPLEMENTATIONS = YES;
				CLANG_WARN_DIRECT_OBJC_ISA_USAGE = YES_ERROR;
				CLANG_WARN_DOCUMENTATION_COMMENTS = YES;
				CLANG_WARN_EMPTY_BODY = YES;
				CLANG_WARN_ENUM_CONVERSION = YES;
				CLANG_WARN_INFINITE_RECURSION = YES;
				CLANG_WARN_INT_CONVERSION = YES;
				CLANG_WARN_NON_LITERAL_NULL_CONVERSION = YES;
				CLANG_WARN_OBJC_IMPLICIT_RETAIN_SELF = YES;
				CLANG_WARN_OBJC_LITERAL_CONVERSION = YES;
				CLANG_WARN_OBJC_ROOT_CLASS = YES_ERROR;
				CLANG_WARN_RANGE_LOOP_ANALYSIS = YES;
				CLANG_WARN_STRICT_PROTOTYPES = YES;
				CLANG_WARN_SUSPICIOUS_MOVE = YES;
				CLANG_WARN_UNGUARDED_AVAILABILITY = YES_AGGRESSIVE;
				CLANG_WARN_UNREACHABLE_CODE = YES;
				CLANG_WARN__DUPLICATE_METHOD_MATCH = YES;
				CODE_SIGN_IDENTITY = "iPhone Developer";
				COPY_PHASE_STRIP = NO;
				DEBUG_INFORMATION_FORMAT = "dwarf-with-dsym";
				ENABLE_NS_ASSERTIONS = NO;
				ENABLE_STRICT_OBJC_MSGSEND = YES;
				GCC_C_LANGUAGE_STANDARD = gnu11;
				GCC_NO_COMMON_BLOCKS = YES;
				GCC_WARN_64_TO_32_BIT_CONVERSION = YES;
				GCC_WARN_ABOUT_RETURN_TYPE = YES_ERROR;
				GCC_WARN_UNDECLARED_SELECTOR = YES;
				GCC_WARN_UNINITIALIZED_AUTOS = YES_AGGRESSIVE;
				GCC_WARN_UNUSED_FUNCTION = YES;
				GCC_WARN_UNUSED_VARIABLE = YES;
				IPHONEOS_DEPLOYMENT_TARGET = 12.0;
				MTL_ENABLE_DEBUG_INFO = NO;
				MTL_FAST_MATH = YES;
				SDKROOT = iphoneos;
				SWIFT_COMPILATION_MODE = wholemodule;
				SWIFT_OPTIMIZATION_LEVEL = "-O";
				VALIDATE_PRODUCT = YES;
			};
			name = Release;
		};
		CEEEAE0821961EBA00BD847C /* Debug */ = {
			isa = XCBuildConfiguration;
			buildSettings = {
				ASSETCATALOG_COMPILER_APPICON_NAME = AppIcon;
				CODE_SIGN_STYLE = Automatic;
				INFOPLIST_FILE = bloodAssitant/Info.plist;
				LD_RUNPATH_SEARCH_PATHS = (
					"$(inherited)",
					"@executable_path/Frameworks",
				);
				PRODUCT_BUNDLE_IDENTIFIER = israni.bloodAssitant;
				PRODUCT_NAME = "$(TARGET_NAME)";
				SWIFT_VERSION = 4.2;
				TARGETED_DEVICE_FAMILY = "1,2";
			};
			name = Debug;
		};
		CEEEAE0921961EBA00BD847C /* Release */ = {
			isa = XCBuildConfiguration;
			buildSettings = {
				ASSETCATALOG_COMPILER_APPICON_NAME = AppIcon;
				CODE_SIGN_STYLE = Automatic;
				INFOPLIST_FILE = bloodAssitant/Info.plist;
				LD_RUNPATH_SEARCH_PATHS = (
					"$(inherited)",
					"@executable_path/Frameworks",
				);
				PRODUCT_BUNDLE_IDENTIFIER = israni.bloodAssitant;
				PRODUCT_NAME = "$(TARGET_NAME)";
				SWIFT_VERSION = 4.2;
				TARGETED_DEVICE_FAMILY = "1,2";
			};
			name = Release;
		};
/* End XCBuildConfiguration section */

/* Begin XCConfigurationList section */
		CEEEADED21961E6B00BD847C /* Build configuration list for PBXProject "bloodAssitant" */ = {
			isa = XCConfigurationList;
			buildConfigurations = (
				CEEEAE0521961EBA00BD847C /* Debug */,
				CEEEAE0621961EBA00BD847C /* Release */,
			);
			defaultConfigurationIsVisible = 0;
			defaultConfigurationName = Release;
		};
		CEEEAE0721961EBA00BD847C /* Build configuration list for PBXNativeTarget "bloodAssitant" */ = {
			isa = XCConfigurationList;
			buildConfigurations = (
				CEEEAE0821961EBA00BD847C /* Debug */,
				CEEEAE0921961EBA00BD847C /* Release */,
			);
			defaultConfigurationIsVisible = 0;
			defaultConfigurationName = Release;
		};
/* End XCConfigurationList section */

/* Begin XCVersionGroup section */
		CEEEADFC21961E6C00BD847C /* bloodAssitant.xcdatamodeld */ = {
			isa = XCVersionGroup;
			children = (
				CEEEADFD21961E6C00BD847C /* bloodAssitant.xcdatamodel */,
			);
			currentVersion = CEEEADFD21961E6C00BD847C /* bloodAssitant.xcdatamodel */;
			path = bloodAssitant.xcdatamodeld;
			sourceTree = "<group>";
			versionGroupType = wrapper.xcdatamodel;
		};
/* End XCVersionGroup section */
	};
	rootObject = CEEEADEA21961E6B00BD847C /* Project object */;
}
